
Microsoft Visual Studio Solution File, Format Version 12.00
# Visual Studio Version 16
VisualStudioVersion = 16.0.29215.179
MinimumVisualStudioVersion = 10.0.40219.1
Project("{2150E333-8FDC-42A3-9474-1A3956D46DE8}") = "src", "src", "{5B3D3A8C-FB85-4539-87FA-8CB544FF0E24}"
EndProject
Project("{9A19103F-16F7-4668-BE54-9A1E7A4F7556}") = "Alamut.Service.Messaging", "src\Alamut.Service.Messaging\Alamut.Service.Messaging.csproj", "{BAB14984-970B-4814-BC2A-49F9BBDA9942}"
EndProject
Project("{9A19103F-16F7-4668-BE54-9A1E7A4F7556}") = "Internship.Core", "src\Internship.Core\Internship.Core.csproj", "{4FA55DB5-7133-4104-BC71-CE1BC5BA2108}"
EndProject
Project("{9A19103F-16F7-4668-BE54-9A1E7A4F7556}") = "Internship.Infrastructure", "src\Internship.Infrastructure\Internship.Infrastructure.csproj", "{4D3BD573-8D83-429E-836B-EB7C8F1F5FC9}"
EndProject
Project("{9A19103F-16F7-4668-BE54-9A1E7A4F7556}") = "Internship.Web", "src\Internship.Web\Internship.Web.csproj", "{2A9D0466-15F9-46EC-8E55-51769AFB4734}"
EndProject
Project("{9A19103F-16F7-4668-BE54-9A1E7A4F7556}") = "IocConfig", "src\IocConfig\IocConfig.csproj", "{9424D435-6ED9-4D5C-A046-863258A0F323}"
EndProject
Project("{9A19103F-16F7-4668-BE54-9A1E7A4F7556}") = "Exir.Regate", "src\Exir.Regate\Exir.Regate.csproj", "{CC777403-D85E-4EB1-8879-EACC80D07279}"
EndProject
Project("{9A19103F-16F7-4668-BE54-9A1E7A4F7556}") = "Exir.Remark", "src\Exir.Remark\Exir.Remark.csproj", "{08407625-3335-4C38-8AF2-236D1A9AA32A}"
EndProject
Project("{9A19103F-16F7-4668-BE54-9A1E7A4F7556}") = "AppService", "src\AppService\AppService.csproj", "{D9DF5E30-84CA-47A3-A186-74C8EC4DA33C}"
EndProject
Project("{2150E333-8FDC-42A3-9474-1A3956D46DE8}") = "UI", "UI", "{E6BD3320-8EC4-4F3B-A65A-250564E368DC}"
EndProject
Project("{FAE04EC0-301F-11D3-BF4B-00C04F79EFBC}") = "InternshipUI", "src\InternshipUI\InternshipUI.csproj", "{F0206B33-A6CC-4728-9450-9A9D2A6B4D27}"
EndProject
Global
	GlobalSection(SolutionConfigurationPlatforms) = preSolution
		Debug|Any CPU = Debug|Any CPU
		Release|Any CPU = Release|Any CPU
	EndGlobalSection
	GlobalSection(ProjectConfigurationPlatforms) = postSolution
		{BAB14984-970B-4814-BC2A-49F9BBDA9942}.Debug|Any CPU.ActiveCfg = Debug|Any CPU
		{BAB14984-970B-4814-BC2A-49F9BBDA9942}.Debug|Any CPU.Build.0 = Debug|Any CPU
		{BAB14984-970B-4814-BC2A-49F9BBDA9942}.Release|Any CPU.ActiveCfg = Release|Any CPU
		{BAB14984-970B-4814-BC2A-49F9BBDA9942}.Release|Any CPU.Build.0 = Release|Any CPU
		{4FA55DB5-7133-4104-BC71-CE1BC5BA2108}.Debug|Any CPU.ActiveCfg = Debug|Any CPU
		{4FA55DB5-7133-4104-BC71-CE1BC5BA2108}.Debug|Any CPU.Build.0 = Debug|Any CPU
		{4FA55DB5-7133-4104-BC71-CE1BC5BA2108}.Release|Any CPU.ActiveCfg = Release|Any CPU
		{4FA55DB5-7133-4104-BC71-CE1BC5BA2108}.Release|Any CPU.Build.0 = Release|Any CPU
		{4D3BD573-8D83-429E-836B-EB7C8F1F5FC9}.Debug|Any CPU.ActiveCfg = Debug|Any CPU
		{4D3BD573-8D83-429E-836B-EB7C8F1F5FC9}.Debug|Any CPU.Build.0 = Debug|Any CPU
		{4D3BD573-8D83-429E-836B-EB7C8F1F5FC9}.Release|Any CPU.ActiveCfg = Release|Any CPU
		{4D3BD573-8D83-429E-836B-EB7C8F1F5FC9}.Release|Any CPU.Build.0 = Release|Any CPU
		{2A9D0466-15F9-46EC-8E55-51769AFB4734}.Debug|Any CPU.ActiveCfg = Debug|Any CPU
		{2A9D0466-15F9-46EC-8E55-51769AFB4734}.Debug|Any CPU.Build.0 = Debug|Any CPU
		{2A9D0466-15F9-46EC-8E55-51769AFB4734}.Release|Any CPU.ActiveCfg = Release|Any CPU
		{2A9D0466-15F9-46EC-8E55-51769AFB4734}.Release|Any CPU.Build.0 = Release|Any CPU
		{9424D435-6ED9-4D5C-A046-863258A0F323}.Debug|Any CPU.ActiveCfg = Debug|Any CPU
		{9424D435-6ED9-4D5C-A046-863258A0F323}.Debug|Any CPU.Build.0 = Debug|Any CPU
		{9424D435-6ED9-4D5C-A046-863258A0F323}.Release|Any CPU.ActiveCfg = Release|Any CPU
		{9424D435-6ED9-4D5C-A046-863258A0F323}.Release|Any CPU.Build.0 = Release|Any CPU
		{CC777403-D85E-4EB1-8879-EACC80D07279}.Debug|Any CPU.ActiveCfg = Debug|Any CPU
		{CC777403-D85E-4EB1-8879-EACC80D07279}.Debug|Any CPU.Build.0 = Debug|Any CPU
		{CC777403-D85E-4EB1-8879-EACC80D07279}.Release|Any CPU.ActiveCfg = Release|Any CPU
		{CC777403-D85E-4EB1-8879-EACC80D07279}.Release|Any CPU.Build.0 = Release|Any CPU
		{08407625-3335-4C38-8AF2-236D1A9AA32A}.Debug|Any CPU.ActiveCfg = Debug|Any CPU
		{08407625-3335-4C38-8AF2-236D1A9AA32A}.Debug|Any CPU.Build.0 = Debug|Any CPU
		{08407625-3335-4C38-8AF2-236D1A9AA32A}.Release|Any CPU.ActiveCfg = Release|Any CPU
		{08407625-3335-4C38-8AF2-236D1A9AA32A}.Release|Any CPU.Build.0 = Release|Any CPU
		{D9DF5E30-84CA-47A3-A186-74C8EC4DA33C}.Debug|Any CPU.ActiveCfg = Debug|Any CPU
		{D9DF5E30-84CA-47A3-A186-74C8EC4DA33C}.Debug|Any CPU.Build.0 = Debug|Any CPU
		{D9DF5E30-84CA-47A3-A186-74C8EC4DA33C}.Release|Any CPU.ActiveCfg = Release|Any CPU
		{D9DF5E30-84CA-47A3-A186-74C8EC4DA33C}.Release|Any CPU.Build.0 = Release|Any CPU
		{F0206B33-A6CC-4728-9450-9A9D2A6B4D27}.Debug|Any CPU.ActiveCfg = Debug|Any CPU
		{F0206B33-A6CC-4728-9450-9A9D2A6B4D27}.Debug|Any CPU.Build.0 = Debug|Any CPU
		{F0206B33-A6CC-4728-9450-9A9D2A6B4D27}.Release|Any CPU.ActiveCfg = Release|Any CPU
		{F0206B33-A6CC-4728-9450-9A9D2A6B4D27}.Release|Any CPU.Build.0 = Release|Any CPU
	EndGlobalSection
	GlobalSection(SolutionProperties) = preSolution
		HideSolutionNode = FALSE
	EndGlobalSection
	GlobalSection(NestedProjects) = preSolution
		{BAB14984-970B-4814-BC2A-49F9BBDA9942} = {5B3D3A8C-FB85-4539-87FA-8CB544FF0E24}
		{4FA55DB5-7133-4104-BC71-CE1BC5BA2108} = {5B3D3A8C-FB85-4539-87FA-8CB544FF0E24}
		{4D3BD573-8D83-429E-836B-EB7C8F1F5FC9} = {5B3D3A8C-FB85-4539-87FA-8CB544FF0E24}
		{2A9D0466-15F9-46EC-8E55-51769AFB4734} = {5B3D3A8C-FB85-4539-87FA-8CB544FF0E24}
		{9424D435-6ED9-4D5C-A046-863258A0F323} = {5B3D3A8C-FB85-4539-87FA-8CB544FF0E24}
		{CC777403-D85E-4EB1-8879-EACC80D07279} = {5B3D3A8C-FB85-4539-87FA-8CB544FF0E24}
		{08407625-3335-4C38-8AF2-236D1A9AA32A} = {5B3D3A8C-FB85-4539-87FA-8CB544FF0E24}
		{D9DF5E30-84CA-47A3-A186-74C8EC4DA33C} = {5B3D3A8C-FB85-4539-87FA-8CB544FF0E24}
		{E6BD3320-8EC4-4F3B-A65A-250564E368DC} = {5B3D3A8C-FB85-4539-87FA-8CB544FF0E24}
		{F0206B33-A6CC-4728-9450-9A9D2A6B4D27} = {E6BD3320-8EC4-4F3B-A65A-250564E368DC}
	EndGlobalSection
	GlobalSection(ExtensibilityGlobals) = postSolution
		SolutionGuid = {04374CBF-215C-4038-80BA-E3F780626195}
	EndGlobalSection
EndGlobal
